
Microsoft Visual Studio Solution File, Format Version 12.00
# Visual Studio Version 17
VisualStudioVersion = 17.4.33213.308
MinimumVisualStudioVersion = 10.0.40219.1
Project("{2150E333-8FDC-42A3-9474-1A3956D46DE8}") = "Services", "Services", "{F12768D1-052A-4AC3-B9C4-4658CC6D7074}"
EndProject
Project("{2150E333-8FDC-42A3-9474-1A3956D46DE8}") = "Catalog", "Catalog", "{DDF9436E-6B60-49B2-B65B-94F7611B475E}"
EndProject
Project("{9A19103F-16F7-4668-BE54-9A1E7A4F7556}") = "Catalog.API", "Services\Catalog\Catalog.API\Catalog.API.csproj", "{0043B271-5C10-4B4B-822F-22AC27C73599}"
EndProject
Project("{2150E333-8FDC-42A3-9474-1A3956D46DE8}") = "Basket", "Basket", "{6B9F8286-20D8-4A51-BAFB-63708EB60607}"
EndProject
Project("{9A19103F-16F7-4668-BE54-9A1E7A4F7556}") = "Basket.API", "Services\Basket\Basket.API\Basket.API.csproj", "{B9AF674B-5AC1-44D5-BC2B-3A4DFA71AC6F}"
EndProject
Project("{2150E333-8FDC-42A3-9474-1A3956D46DE8}") = "Discount", "Discount", "{EDA7592F-6085-4919-A011-6D96A281C6C7}"
EndProject
Project("{9A19103F-16F7-4668-BE54-9A1E7A4F7556}") = "Discount.API", "Services\Discount\Discount.API\Discount.API.csproj", "{D76AC1C5-C482-48F0-A800-7F451E7AC8D0}"
EndProject
Project("{E53339B2-1760-4266-BCC7-CA923CBCF16C}") = "docker-compose", "docker-compose.dcproj", "{63D92D84-8761-4A07-9DD2-9B6B3E12F8DD}"
EndProject
Project("{FAE04EC0-301F-11D3-BF4B-00C04F79EFBC}") = "Discount.Grpc", "Services\Discount\Discount.Grpc\Discount.Grpc.csproj", "{B9A97573-39E1-4AA9-ABD9-69DABDB17204}"
EndProject
Project("{2150E333-8FDC-42A3-9474-1A3956D46DE8}") = "Ordering", "Ordering", "{7B36B454-039C-4FD6-A9D8-521197AC0BA3}"
EndProject
Project("{FAE04EC0-301F-11D3-BF4B-00C04F79EFBC}") = "Ordering.API", "Services\Ordering\Ordering.API\Ordering.API.csproj", "{92A1DC11-6192-43AA-9046-407B71BF533D}"
EndProject
Project("{FAE04EC0-301F-11D3-BF4B-00C04F79EFBC}") = "Ordering.Domain", "Services\Ordering\Ordering.Domain\Ordering.Domain.csproj", "{84F75793-8525-4541-AF41-81793E589ED6}"
EndProject
Project("{FAE04EC0-301F-11D3-BF4B-00C04F79EFBC}") = "Ordering.Application", "Services\Ordering\Ordering.Application\Ordering.Application.csproj", "{9A7F0AC9-01B3-4F16-B82C-400BE86ACCA2}"
EndProject
Project("{FAE04EC0-301F-11D3-BF4B-00C04F79EFBC}") = "Ordering.Infrastructure", "Services\Ordering\Ordering.Infrastructure\Ordering.Infrastructure.csproj", "{70E3E850-DBDF-417C-9EC9-011092AD82B2}"
EndProject
Project("{2150E333-8FDC-42A3-9474-1A3956D46DE8}") = "BuildingBlocks", "BuildingBlocks", "{4A9E24C4-09BD-408E-B6E8-6C5FCF96247A}"
EndProject
Project("{FAE04EC0-301F-11D3-BF4B-00C04F79EFBC}") = "EventBus.Messages", "BuildingBlocks\EventBus.Messages\EventBus.Messages.csproj", "{B6494357-31B4-4181-BEB4-36C98EDD5D26}"
EndProject
Project("{2150E333-8FDC-42A3-9474-1A3956D46DE8}") = "ApiGateways", "ApiGateways", "{1BCA1014-24E1-406A-9C44-72D3364D327A}"
EndProject
Project("{FAE04EC0-301F-11D3-BF4B-00C04F79EFBC}") = "OcelotApiGw", "ApiGateways\OcelotApiGw\OcelotApiGw.csproj", "{40D75DE2-4728-452A-BDAE-E668CB68F4FF}"
EndProject
Project("{FAE04EC0-301F-11D3-BF4B-00C04F79EFBC}") = "Shopping.Aggregator", "ApiGateways\Shopping.Aggregator\Shopping.Aggregator.csproj", "{E492CD1C-A34B-44DC-BC2E-96E8DA2EB74D}"
EndProject
Project("{2150E333-8FDC-42A3-9474-1A3956D46DE8}") = "WebApps", "WebApps", "{70F5A0AB-888D-4583-A726-3F640830956A}"
EndProject
Project("{FAE04EC0-301F-11D3-BF4B-00C04F79EFBC}") = "AspnetRunBasics", "WebApps\AspnetRunBasics\AspnetRunBasics.csproj", "{C7AC8E0D-F502-496E-B9CA-E5C4D9FEF0FF}"
EndProject
Global
	GlobalSection(SolutionConfigurationPlatforms) = preSolution
		Debug|Any CPU = Debug|Any CPU
		Release|Any CPU = Release|Any CPU
	EndGlobalSection
	GlobalSection(ProjectConfigurationPlatforms) = postSolution
		{0043B271-5C10-4B4B-822F-22AC27C73599}.Debug|Any CPU.ActiveCfg = Debug|Any CPU
		{0043B271-5C10-4B4B-822F-22AC27C73599}.Debug|Any CPU.Build.0 = Debug|Any CPU
		{0043B271-5C10-4B4B-822F-22AC27C73599}.Release|Any CPU.ActiveCfg = Release|Any CPU
		{0043B271-5C10-4B4B-822F-22AC27C73599}.Release|Any CPU.Build.0 = Release|Any CPU
		{B9AF674B-5AC1-44D5-BC2B-3A4DFA71AC6F}.Debug|Any CPU.ActiveCfg = Debug|Any CPU
		{B9AF674B-5AC1-44D5-BC2B-3A4DFA71AC6F}.Debug|Any CPU.Build.0 = Debug|Any CPU
		{B9AF674B-5AC1-44D5-BC2B-3A4DFA71AC6F}.Release|Any CPU.ActiveCfg = Release|Any CPU
		{B9AF674B-5AC1-44D5-BC2B-3A4DFA71AC6F}.Release|Any CPU.Build.0 = Release|Any CPU
		{D76AC1C5-C482-48F0-A800-7F451E7AC8D0}.Debug|Any CPU.ActiveCfg = Debug|Any CPU
		{D76AC1C5-C482-48F0-A800-7F451E7AC8D0}.Debug|Any CPU.Build.0 = Debug|Any CPU
		{D76AC1C5-C482-48F0-A800-7F451E7AC8D0}.Release|Any CPU.ActiveCfg = Release|Any CPU
		{D76AC1C5-C482-48F0-A800-7F451E7AC8D0}.Release|Any CPU.Build.0 = Release|Any CPU
		{63D92D84-8761-4A07-9DD2-9B6B3E12F8DD}.Debug|Any CPU.ActiveCfg = Debug|Any CPU
		{63D92D84-8761-4A07-9DD2-9B6B3E12F8DD}.Debug|Any CPU.Build.0 = Debug|Any CPU
		{63D92D84-8761-4A07-9DD2-9B6B3E12F8DD}.Release|Any CPU.ActiveCfg = Release|Any CPU
		{63D92D84-8761-4A07-9DD2-9B6B3E12F8DD}.Release|Any CPU.Build.0 = Release|Any CPU
		{B9A97573-39E1-4AA9-ABD9-69DABDB17204}.Debug|Any CPU.ActiveCfg = Debug|Any CPU
		{B9A97573-39E1-4AA9-ABD9-69DABDB17204}.Debug|Any CPU.Build.0 = Debug|Any CPU
		{B9A97573-39E1-4AA9-ABD9-69DABDB17204}.Release|Any CPU.ActiveCfg = Release|Any CPU
		{B9A97573-39E1-4AA9-ABD9-69DABDB17204}.Release|Any CPU.Build.0 = Release|Any CPU
		{92A1DC11-6192-43AA-9046-407B71BF533D}.Debug|Any CPU.ActiveCfg = Debug|Any CPU
		{92A1DC11-6192-43AA-9046-407B71BF533D}.Debug|Any CPU.Build.0 = Debug|Any CPU
		{92A1DC11-6192-43AA-9046-407B71BF533D}.Release|Any CPU.ActiveCfg = Release|Any CPU
		{92A1DC11-6192-43AA-9046-407B71BF533D}.Release|Any CPU.Build.0 = Release|Any CPU
		{84F75793-8525-4541-AF41-81793E589ED6}.Debug|Any CPU.ActiveCfg = Debug|Any CPU
		{84F75793-8525-4541-AF41-81793E589ED6}.Debug|Any CPU.Build.0 = Debug|Any CPU
		{84F75793-8525-4541-AF41-81793E589ED6}.Release|Any CPU.ActiveCfg = Release|Any CPU
		{84F75793-8525-4541-AF41-81793E589ED6}.Release|Any CPU.Build.0 = Release|Any CPU
		{9A7F0AC9-01B3-4F16-B82C-400BE86ACCA2}.Debug|Any CPU.ActiveCfg = Debug|Any CPU
		{9A7F0AC9-01B3-4F16-B82C-400BE86ACCA2}.Debug|Any CPU.Build.0 = Debug|Any CPU
		{9A7F0AC9-01B3-4F16-B82C-400BE86ACCA2}.Release|Any CPU.ActiveCfg = Release|Any CPU
		{9A7F0AC9-01B3-4F16-B82C-400BE86ACCA2}.Release|Any CPU.Build.0 = Release|Any CPU
		{70E3E850-DBDF-417C-9EC9-011092AD82B2}.Debug|Any CPU.ActiveCfg = Debug|Any CPU
		{70E3E850-DBDF-417C-9EC9-011092AD82B2}.Debug|Any CPU.Build.0 = Debug|Any CPU
		{70E3E850-DBDF-417C-9EC9-011092AD82B2}.Release|Any CPU.ActiveCfg = Release|Any CPU
		{70E3E850-DBDF-417C-9EC9-011092AD82B2}.Release|Any CPU.Build.0 = Release|Any CPU
		{B6494357-31B4-4181-BEB4-36C98EDD5D26}.Debug|Any CPU.ActiveCfg = Debug|Any CPU
		{B6494357-31B4-4181-BEB4-36C98EDD5D26}.Debug|Any CPU.Build.0 = Debug|Any CPU
		{B6494357-31B4-4181-BEB4-36C98EDD5D26}.Release|Any CPU.ActiveCfg = Release|Any CPU
		{B6494357-31B4-4181-BEB4-36C98EDD5D26}.Release|Any CPU.Build.0 = Release|Any CPU
		{40D75DE2-4728-452A-BDAE-E668CB68F4FF}.Debug|Any CPU.ActiveCfg = Debug|Any CPU
		{40D75DE2-4728-452A-BDAE-E668CB68F4FF}.Debug|Any CPU.Build.0 = Debug|Any CPU
		{40D75DE2-4728-452A-BDAE-E668CB68F4FF}.Release|Any CPU.ActiveCfg = Release|Any CPU
		{40D75DE2-4728-452A-BDAE-E668CB68F4FF}.Release|Any CPU.Build.0 = Release|Any CPU
		{E492CD1C-A34B-44DC-BC2E-96E8DA2EB74D}.Debug|Any CPU.ActiveCfg = Debug|Any CPU
		{E492CD1C-A34B-44DC-BC2E-96E8DA2EB74D}.Debug|Any CPU.Build.0 = Debug|Any CPU
		{E492CD1C-A34B-44DC-BC2E-96E8DA2EB74D}.Release|Any CPU.ActiveCfg = Release|Any CPU
		{E492CD1C-A34B-44DC-BC2E-96E8DA2EB74D}.Release|Any CPU.Build.0 = Release|Any CPU
		{C7AC8E0D-F502-496E-B9CA-E5C4D9FEF0FF}.Debug|Any CPU.ActiveCfg = Debug|Any CPU
		{C7AC8E0D-F502-496E-B9CA-E5C4D9FEF0FF}.Debug|Any CPU.Build.0 = Debug|Any CPU
		{C7AC8E0D-F502-496E-B9CA-E5C4D9FEF0FF}.Release|Any CPU.ActiveCfg = Release|Any CPU
		{C7AC8E0D-F502-496E-B9CA-E5C4D9FEF0FF}.Release|Any CPU.Build.0 = Release|Any CPU
	EndGlobalSection
	GlobalSection(SolutionProperties) = preSolution
		HideSolutionNode = FALSE
	EndGlobalSection
	GlobalSection(NestedProjects) = preSolution
		{DDF9436E-6B60-49B2-B65B-94F7611B475E} = {F12768D1-052A-4AC3-B9C4-4658CC6D7074}
		{0043B271-5C10-4B4B-822F-22AC27C73599} = {DDF9436E-6B60-49B2-B65B-94F7611B475E}
		{6B9F8286-20D8-4A51-BAFB-63708EB60607} = {F12768D1-052A-4AC3-B9C4-4658CC6D7074}
		{B9AF674B-5AC1-44D5-BC2B-3A4DFA71AC6F} = {6B9F8286-20D8-4A51-BAFB-63708EB60607}
		{EDA7592F-6085-4919-A011-6D96A281C6C7} = {F12768D1-052A-4AC3-B9C4-4658CC6D7074}
		{D76AC1C5-C482-48F0-A800-7F451E7AC8D0} = {EDA7592F-6085-4919-A011-6D96A281C6C7}
		{B9A97573-39E1-4AA9-ABD9-69DABDB17204} = {EDA7592F-6085-4919-A011-6D96A281C6C7}
		{7B36B454-039C-4FD6-A9D8-521197AC0BA3} = {F12768D1-052A-4AC3-B9C4-4658CC6D7074}
		{92A1DC11-6192-43AA-9046-407B71BF533D} = {7B36B454-039C-4FD6-A9D8-521197AC0BA3}
		{84F75793-8525-4541-AF41-81793E589ED6} = {7B36B454-039C-4FD6-A9D8-521197AC0BA3}
		{9A7F0AC9-01B3-4F16-B82C-400BE86ACCA2} = {7B36B454-039C-4FD6-A9D8-521197AC0BA3}
		{70E3E850-DBDF-417C-9EC9-011092AD82B2} = {7B36B454-039C-4FD6-A9D8-521197AC0BA3}
		{B6494357-31B4-4181-BEB4-36C98EDD5D26} = {4A9E24C4-09BD-408E-B6E8-6C5FCF96247A}
		{40D75DE2-4728-452A-BDAE-E668CB68F4FF} = {1BCA1014-24E1-406A-9C44-72D3364D327A}
		{E492CD1C-A34B-44DC-BC2E-96E8DA2EB74D} = {1BCA1014-24E1-406A-9C44-72D3364D327A}
		{C7AC8E0D-F502-496E-B9CA-E5C4D9FEF0FF} = {70F5A0AB-888D-4583-A726-3F640830956A}
	EndGlobalSection
	GlobalSection(ExtensibilityGlobals) = postSolution
		SolutionGuid = {54DFB517-5A29-4F67-974E-F5391950CDD8}
	EndGlobalSection
EndGlobal
